{
  "name": "ppooll",
  "version": "1.0.0",
  "lockfileVersion": 1,
  "requires": true,
  "dependencies": {
    "@types/maxmsp": {
      "version": "1.0.15",
      "resolved": "https://registry.npmjs.org/@types/maxmsp/-/maxmsp-1.0.15.tgz",
      "integrity": "sha512-p2yhTP13jZIt2Bz5yGb/ovD/b+jkjRKuRmLb18LzTpwR1W6XeIBxjoiry15FvVE3Pi2nyo3IU6Ks+rQjUYCRfg==",
      "dev": true
    }
  }
}
